{
  "name": "nicocomemaker",
  "version": "0.1.0",
  "lockfileVersion": 3,
  "requires": true,
  "packages": {
    "": {
      "name": "nicocomemaker",
      "version": "0.1.0",
      "dependencies": {
        "mediabunny": "^1.55.2"
      },
      "engines": {
        "node": ">=20"
      }
    },
    "node_modules/@types/dom-mediacapture-transform": {
      "version": "0.1.12",
      "resolved": "https://registry.npmjs.org/@types/dom-mediacapture-transform/-/dom-mediacapture-transform-0.1.12.tgz",
      "integrity": "sha512-d7/QsLRwF864A5mgIM/YrfiglHoYn7zgCcAoJgW404r+2DwnNr7EBbLnCWpmOMgH8y0te73L1AV6H1bmauaWFw==",
      "dependencies": {
        "@types/dom-webcodecs": "*"
      }
    },
    "node_modules/@types/dom-webcodecs": {
      "version": "0.1.13",
      "resolved": "https://registry.npmjs.org/@types/dom-webcodecs/-/dom-webcodecs-0.1.13.tgz",
      "integrity": "sha512-O5hkiFIcjjszPIYyUSyvScyvrBoV3NOEEZx/pMlsu44TKzWNkLVBBxnxJz42in5n3QIolYOcBYFCPZZ0h8SkwQ=="
    },
    "node_modules/mediabunny": {
      "version": "1.55.2",
      "resolved": "https://registry.npmjs.org/mediabunny/-/mediabunny-1.55.2.tgz",
      "integrity": "sha512-EEx4O6qYddAdCyWPMZNDwI7uc5hewNHrPAf9jLcVhIbXoPsiqNQ+D9i1pfadmGkjN2V318jSrZljkpoziYm6Lg==",
      "dependencies": {
        "@types/dom-mediacapture-transform": "^0.1.11",
        "@types/dom-webcodecs": "0.1.13"
      },
      "funding": {
        "type": "individual",
        "url": "https://github.com/sponsors/Vanilagy"
      }
    }
  }
}
